
Microsoft Visual Studio Solution File, Format Version 12.00
# Visual Studio Version 17
VisualStudioVersion = 17.7.34221.43
MinimumVisualStudioVersion = 10.0.40219.1
Project("{FAE04EC0-301F-11D3-BF4B-00C04F79EFBC}") = "git_intro.txt", "git_intro.txt\git_intro.txt.csproj", "{2ED5609A-A3AF-4658-8CE1-2831396A3F30}"
EndProject
Global
	GlobalSection(SolutionConfigurationPlatforms) = preSolution
		Debug|Any CPU = Debug|Any CPU
		Release|Any CPU = Release|Any CPU
	EndGlobalSection
	GlobalSection(ProjectConfigurationPlatforms) = postSolution
		{2ED5609A-A3AF-4658-8CE1-2831396A3F30}.Debug|Any CPU.ActiveCfg = Debug|Any CPU
		{2ED5609A-A3AF-4658-8CE1-2831396A3F30}.Debug|Any CPU.Build.0 = Debug|Any CPU
		{2ED5609A-A3AF-4658-8CE1-2831396A3F30}.Release|Any CPU.ActiveCfg = Release|Any CPU
		{2ED5609A-A3AF-4658-8CE1-2831396A3F30}.Release|Any CPU.Build.0 = Release|Any CPU
	EndGlobalSection
	GlobalSection(SolutionProperties) = preSolution
		HideSolutionNode = FALSE
	EndGlobalSection
	GlobalSection(ExtensibilityGlobals) = postSolution
		SolutionGuid = {D69456BA-EBA0-4F04-808A-2406F183686C}
	EndGlobalSection
EndGlobal
